
Microsoft Visual Studio Solution File, Format Version 12.00
# Visual Studio Version 17
VisualStudioVersion = 17.14.36301.6
MinimumVisualStudioVersion = 10.0.40219.1
Project("{FAE04EC0-301F-11D3-BF4B-00C04F79EFBC}") = "Order-Management-System", "Order-Management-System\Order-Management-System.csproj", "{6E63D9D7-5E6D-42E2-A90E-74B66011F2CB}"
EndProject
Project("{2150E333-8FDC-42A3-9474-1A3956D46DE8}") = "Core", "Core", "{02EA681E-C7D8-13C7-8484-4AC65E1B71E8}"
EndProject
Project("{FAE04EC0-301F-11D3-BF4B-00C04F79EFBC}") = "Domain", "Core\Domain\Domain.csproj", "{9CCF66A3-9737-4911-9D6F-AD47A7ADA03C}"
EndProject
Project("{FAE04EC0-301F-11D3-BF4B-00C04F79EFBC}") = "Services", "Core\Services\Services.csproj", "{10CE705F-1CB4-4070-9FC5-8F59806A8145}"
EndProject
Project("{FAE04EC0-301F-11D3-BF4B-00C04F79EFBC}") = "Services.Abstractions", "Core\Services.Abstractions\Services.Abstractions.csproj", "{ACDE1EBE-0BC6-4E2E-BBF8-5C572A96D885}"
EndProject
Project("{2150E333-8FDC-42A3-9474-1A3956D46DE8}") = "Infrastructure", "Infrastructure", "{555FB908-84C4-480A-9662-A4B41AF65096}"
EndProject
Project("{FAE04EC0-301F-11D3-BF4B-00C04F79EFBC}") = "persistence", "Infrastructure\persistence\persistence.csproj", "{7812F926-B23A-4AB1-B39B-06DAD90465A5}"
EndProject
Project("{FAE04EC0-301F-11D3-BF4B-00C04F79EFBC}") = "Shared", "Shared\Shared.csproj", "{0F3D4552-DCDD-4644-96B6-D00B50BB58CA}"
EndProject
Global
	GlobalSection(SolutionConfigurationPlatforms) = preSolution
		Debug|Any CPU = Debug|Any CPU
		Release|Any CPU = Release|Any CPU
	EndGlobalSection
	GlobalSection(ProjectConfigurationPlatforms) = postSolution
		{6E63D9D7-5E6D-42E2-A90E-74B66011F2CB}.Debug|Any CPU.ActiveCfg = Debug|Any CPU
		{6E63D9D7-5E6D-42E2-A90E-74B66011F2CB}.Debug|Any CPU.Build.0 = Debug|Any CPU
		{6E63D9D7-5E6D-42E2-A90E-74B66011F2CB}.Release|Any CPU.ActiveCfg = Release|Any CPU
		{6E63D9D7-5E6D-42E2-A90E-74B66011F2CB}.Release|Any CPU.Build.0 = Release|Any CPU
		{9CCF66A3-9737-4911-9D6F-AD47A7ADA03C}.Debug|Any CPU.ActiveCfg = Debug|Any CPU
		{9CCF66A3-9737-4911-9D6F-AD47A7ADA03C}.Debug|Any CPU.Build.0 = Debug|Any CPU
		{9CCF66A3-9737-4911-9D6F-AD47A7ADA03C}.Release|Any CPU.ActiveCfg = Release|Any CPU
		{9CCF66A3-9737-4911-9D6F-AD47A7ADA03C}.Release|Any CPU.Build.0 = Release|Any CPU
		{10CE705F-1CB4-4070-9FC5-8F59806A8145}.Debug|Any CPU.ActiveCfg = Debug|Any CPU
		{10CE705F-1CB4-4070-9FC5-8F59806A8145}.Debug|Any CPU.Build.0 = Debug|Any CPU
		{10CE705F-1CB4-4070-9FC5-8F59806A8145}.Release|Any CPU.ActiveCfg = Release|Any CPU
		{10CE705F-1CB4-4070-9FC5-8F59806A8145}.Release|Any CPU.Build.0 = Release|Any CPU
		{ACDE1EBE-0BC6-4E2E-BBF8-5C572A96D885}.Debug|Any CPU.ActiveCfg = Debug|Any CPU
		{ACDE1EBE-0BC6-4E2E-BBF8-5C572A96D885}.Debug|Any CPU.Build.0 = Debug|Any CPU
		{ACDE1EBE-0BC6-4E2E-BBF8-5C572A96D885}.Release|Any CPU.ActiveCfg = Release|Any CPU
		{ACDE1EBE-0BC6-4E2E-BBF8-5C572A96D885}.Release|Any CPU.Build.0 = Release|Any CPU
		{7812F926-B23A-4AB1-B39B-06DAD90465A5}.Debug|Any CPU.ActiveCfg = Debug|Any CPU
		{7812F926-B23A-4AB1-B39B-06DAD90465A5}.Debug|Any CPU.Build.0 = Debug|Any CPU
		{7812F926-B23A-4AB1-B39B-06DAD90465A5}.Release|Any CPU.ActiveCfg = Release|Any CPU
		{7812F926-B23A-4AB1-B39B-06DAD90465A5}.Release|Any CPU.Build.0 = Release|Any CPU
		{0F3D4552-DCDD-4644-96B6-D00B50BB58CA}.Debug|Any CPU.ActiveCfg = Debug|Any CPU
		{0F3D4552-DCDD-4644-96B6-D00B50BB58CA}.Debug|Any CPU.Build.0 = Debug|Any CPU
		{0F3D4552-DCDD-4644-96B6-D00B50BB58CA}.Release|Any CPU.ActiveCfg = Release|Any CPU
		{0F3D4552-DCDD-4644-96B6-D00B50BB58CA}.Release|Any CPU.Build.0 = Release|Any CPU
	EndGlobalSection
	GlobalSection(SolutionProperties) = preSolution
		HideSolutionNode = FALSE
	EndGlobalSection
	GlobalSection(NestedProjects) = preSolution
		{9CCF66A3-9737-4911-9D6F-AD47A7ADA03C} = {02EA681E-C7D8-13C7-8484-4AC65E1B71E8}
		{10CE705F-1CB4-4070-9FC5-8F59806A8145} = {02EA681E-C7D8-13C7-8484-4AC65E1B71E8}
		{ACDE1EBE-0BC6-4E2E-BBF8-5C572A96D885} = {02EA681E-C7D8-13C7-8484-4AC65E1B71E8}
		{7812F926-B23A-4AB1-B39B-06DAD90465A5} = {555FB908-84C4-480A-9662-A4B41AF65096}
	EndGlobalSection
	GlobalSection(ExtensibilityGlobals) = postSolution
		SolutionGuid = {45CC31B9-FBF6-4DB2-AFF4-D708FCE196F7}
	EndGlobalSection
EndGlobal
